
Microsoft Visual Studio Solution File, Format Version 12.00
# Visual Studio Version 17
VisualStudioVersion = 17.11.35327.3
MinimumVisualStudioVersion = 10.0.40219.1
Project("{FAE04EC0-301F-11D3-BF4B-00C04F79EFBC}") = "tenis", "tenis\tenis.csproj", "{613E0D2B-D68A-41E0-A87B-792A79CD7453}"
EndProject
Global
	GlobalSection(SolutionConfigurationPlatforms) = preSolution
		Debug|Any CPU = Debug|Any CPU
		Release|Any CPU = Release|Any CPU
	EndGlobalSection
	GlobalSection(ProjectConfigurationPlatforms) = postSolution
		{613E0D2B-D68A-41E0-A87B-792A79CD7453}.Debug|Any CPU.ActiveCfg = Debug|Any CPU
		{613E0D2B-D68A-41E0-A87B-792A79CD7453}.Debug|Any CPU.Build.0 = Debug|Any CPU
		{613E0D2B-D68A-41E0-A87B-792A79CD7453}.Release|Any CPU.ActiveCfg = Release|Any CPU
		{613E0D2B-D68A-41E0-A87B-792A79CD7453}.Release|Any CPU.Build.0 = Release|Any CPU
	EndGlobalSection
	GlobalSection(SolutionProperties) = preSolution
		HideSolutionNode = FALSE
	EndGlobalSection
	GlobalSection(ExtensibilityGlobals) = postSolution
		SolutionGuid = {909E3584-55A7-40F9-9C6C-CFB03AEE6A07}
	EndGlobalSection
EndGlobal
